
Microsoft Visual Studio Solution File, Format Version 12.00
# Visual Studio Version 17
VisualStudioVersion = 17.0.31903.59
MinimumVisualStudioVersion = 10.0.40219.1
Project("{FAE04EC0-301F-11D3-BF4B-00C04F79EFBC}") = "Tyuiu.MitinNV.Sprint6.Task0.V13.Lib", "Tyuiu.MitinNV.Sprint6.Task0.V13.Lib\Tyuiu.MitinNV.Sprint6.Task0.V13.Lib.csproj", "{FA56D8F1-18F4-4003-AA7A-6F4C9964EFA3}"
EndProject
Project("{FAE04EC0-301F-11D3-BF4B-00C04F79EFBC}") = "Tyuiu.MitinNV.Sprint6.Task0.V13", "Tyuiu.MitinNV.Sprint6.Task0.V13\Tyuiu.MitinNV.Sprint6.Task0.V13.csproj", "{CA5FED43-6E15-4453-A843-83FEAF78DCE7}"
EndProject
Project("{FAE04EC0-301F-11D3-BF4B-00C04F79EFBC}") = "Tyuiu.MitinNV.Sprint6.Task0.V13.Test", "Tyuiu.MitinNV.Sprint6.Task0.V13.Test\Tyuiu.MitinNV.Sprint6.Task0.V13.Test.csproj", "{9576077B-C88D-4B20-AFE4-A6DA63CD5953}"
EndProject
Project("{FAE04EC0-301F-11D3-BF4B-00C04F79EFBC}") = "Tyuiu.MitinNV.Sprint6.Task1.V23.Lib", "Tyuiu.MitinNV.Sprint6.Task1.V23.Lib\Tyuiu.MitinNV.Sprint6.Task1.V23.Lib.csproj", "{4816F26C-9181-4F19-BAF2-8CFF98B89DEE}"
EndProject
Project("{FAE04EC0-301F-11D3-BF4B-00C04F79EFBC}") = "Tyuiu.MitinNV.Sprint6.Task1.V23", "Tyuiu.MitinNV.Sprint6.Task1.V23\Tyuiu.MitinNV.Sprint6.Task1.V23.csproj", "{9D9FD14F-6893-48C3-8BA4-BE813F12D64B}"
EndProject
Project("{FAE04EC0-301F-11D3-BF4B-00C04F79EFBC}") = "Tyuiu.MitinNV.Sprint6.Task1.V23.Test", "Tyuiu.MitinNV.Sprint6.Task1.V23.Test\Tyuiu.MitinNV.Sprint6.Task1.V23.Test.csproj", "{2B416351-607D-4AA1-8EAD-B3D14C7BB10F}"
EndProject
Project("{FAE04EC0-301F-11D3-BF4B-00C04F79EFBC}") = "Tyuiu.MitinNV.Sprint6.Task2.V1.Lib", "Tyuiu.MitinNV.Sprint6.Task2.V1.Lib\Tyuiu.MitinNV.Sprint6.Task2.V1.Lib.csproj", "{1B1C6970-EEC3-4A2E-B75D-4507A87BE2E2}"
EndProject
Project("{FAE04EC0-301F-11D3-BF4B-00C04F79EFBC}") = "Tyuiu.MitinNV.Sprint6.Task2.V1", "Tyuiu.MitinNV.Sprint6.Task2.V1\Tyuiu.MitinNV.Sprint6.Task2.V1.csproj", "{235FD974-C399-4B91-910A-1CFEC045418F}"
EndProject
Project("{FAE04EC0-301F-11D3-BF4B-00C04F79EFBC}") = "Tyuiu.MitinNV.Sprint6.Task2.V1.Test", "Tyuiu.MitinNV.Sprint6.Task2.V1.Test\Tyuiu.MitinNV.Sprint6.Task2.V1.Test.csproj", "{F0DC33AD-B2BB-467C-95C7-E7C5A0A8E0B9}"
EndProject
Project("{FAE04EC0-301F-11D3-BF4B-00C04F79EFBC}") = "Tyuiu.MitinNV.Sprint6.Task3.V22.Lib", "Tyuiu.MitinNV.Sprint6.Task3.V22.Lib\Tyuiu.MitinNV.Sprint6.Task3.V22.Lib.csproj", "{AE40447B-E9E7-4CB3-9A99-1090ACC67099}"
EndProject
Project("{FAE04EC0-301F-11D3-BF4B-00C04F79EFBC}") = "Tyuiu.MitinNV.Sprint6.Task3.V22", "Tyuiu.MitinNV.Sprint6.Task3.V22\Tyuiu.MitinNV.Sprint6.Task3.V22.csproj", "{3FB5F658-A444-48B6-BB25-200EB12880F5}"
EndProject
Project("{FAE04EC0-301F-11D3-BF4B-00C04F79EFBC}") = "Tyuiu.MitinNV.Sprint6.Task3.V22.Test", "Tyuiu.MitinNV.Sprint6.Task3.V22.Test\Tyuiu.MitinNV.Sprint6.Task3.V22.Test.csproj", "{4313899B-CD44-4F98-B4B4-6D4FE56B0A7B}"
EndProject
Project("{FAE04EC0-301F-11D3-BF4B-00C04F79EFBC}") = "Tyuiu.MitinNV.Sprint6.Task4.V25.Lib", "Tyuiu.MitinNV.Sprint6.Task4.V25.Lib\Tyuiu.MitinNV.Sprint6.Task4.V25.Lib.csproj", "{6F40720C-5AA8-4542-9B5D-CB0F918F66C5}"
EndProject
Project("{FAE04EC0-301F-11D3-BF4B-00C04F79EFBC}") = "Tyuiu.MitinNV.Sprint6.Task4.V25", "Tyuiu.MitinNV.Sprint6.Task4.V25\Tyuiu.MitinNV.Sprint6.Task4.V25.csproj", "{AB874678-FE9C-4D7F-A86B-C182A244819F}"
EndProject
Project("{FAE04EC0-301F-11D3-BF4B-00C04F79EFBC}") = "Tyuiu.MitinNV.Sprint6.Task4.V25.Test", "Tyuiu.MitinNV.Sprint6.Task4.V25.Test\Tyuiu.MitinNV.Sprint6.Task4.V25.Test.csproj", "{330DB081-DCC0-403E-BFD3-621D8F09A12B}"
EndProject
Global
	GlobalSection(SolutionConfigurationPlatforms) = preSolution
		Debug|Any CPU = Debug|Any CPU
		Release|Any CPU = Release|Any CPU
	EndGlobalSection
	GlobalSection(SolutionProperties) = preSolution
		HideSolutionNode = FALSE
	EndGlobalSection
	GlobalSection(ProjectConfigurationPlatforms) = postSolution
		{FA56D8F1-18F4-4003-AA7A-6F4C9964EFA3}.Debug|Any CPU.ActiveCfg = Debug|Any CPU
		{FA56D8F1-18F4-4003-AA7A-6F4C9964EFA3}.Debug|Any CPU.Build.0 = Debug|Any CPU
		{FA56D8F1-18F4-4003-AA7A-6F4C9964EFA3}.Release|Any CPU.ActiveCfg = Release|Any CPU
		{FA56D8F1-18F4-4003-AA7A-6F4C9964EFA3}.Release|Any CPU.Build.0 = Release|Any CPU
		{CA5FED43-6E15-4453-A843-83FEAF78DCE7}.Debug|Any CPU.ActiveCfg = Debug|Any CPU
		{CA5FED43-6E15-4453-A843-83FEAF78DCE7}.Debug|Any CPU.Build.0 = Debug|Any CPU
		{CA5FED43-6E15-4453-A843-83FEAF78DCE7}.Release|Any CPU.ActiveCfg = Release|Any CPU
		{CA5FED43-6E15-4453-A843-83FEAF78DCE7}.Release|Any CPU.Build.0 = Release|Any CPU
		{9576077B-C88D-4B20-AFE4-A6DA63CD5953}.Debug|Any CPU.ActiveCfg = Debug|Any CPU
		{9576077B-C88D-4B20-AFE4-A6DA63CD5953}.Debug|Any CPU.Build.0 = Debug|Any CPU
		{9576077B-C88D-4B20-AFE4-A6DA63CD5953}.Release|Any CPU.ActiveCfg = Release|Any CPU
		{9576077B-C88D-4B20-AFE4-A6DA63CD5953}.Release|Any CPU.Build.0 = Release|Any CPU
		{4816F26C-9181-4F19-BAF2-8CFF98B89DEE}.Debug|Any CPU.ActiveCfg = Debug|Any CPU
		{4816F26C-9181-4F19-BAF2-8CFF98B89DEE}.Debug|Any CPU.Build.0 = Debug|Any CPU
		{4816F26C-9181-4F19-BAF2-8CFF98B89DEE}.Release|Any CPU.ActiveCfg = Release|Any CPU
		{4816F26C-9181-4F19-BAF2-8CFF98B89DEE}.Release|Any CPU.Build.0 = Release|Any CPU
		{9D9FD14F-6893-48C3-8BA4-BE813F12D64B}.Debug|Any CPU.ActiveCfg = Debug|Any CPU
		{9D9FD14F-6893-48C3-8BA4-BE813F12D64B}.Debug|Any CPU.Build.0 = Debug|Any CPU
		{9D9FD14F-6893-48C3-8BA4-BE813F12D64B}.Release|Any CPU.ActiveCfg = Release|Any CPU
		{9D9FD14F-6893-48C3-8BA4-BE813F12D64B}.Release|Any CPU.Build.0 = Release|Any CPU
		{2B416351-607D-4AA1-8EAD-B3D14C7BB10F}.Debug|Any CPU.ActiveCfg = Debug|Any CPU
		{2B416351-607D-4AA1-8EAD-B3D14C7BB10F}.Debug|Any CPU.Build.0 = Debug|Any CPU
		{2B416351-607D-4AA1-8EAD-B3D14C7BB10F}.Release|Any CPU.ActiveCfg = Release|Any CPU
		{2B416351-607D-4AA1-8EAD-B3D14C7BB10F}.Release|Any CPU.Build.0 = Release|Any CPU
		{1B1C6970-EEC3-4A2E-B75D-4507A87BE2E2}.Debug|Any CPU.ActiveCfg = Debug|Any CPU
		{1B1C6970-EEC3-4A2E-B75D-4507A87BE2E2}.Debug|Any CPU.Build.0 = Debug|Any CPU
		{1B1C6970-EEC3-4A2E-B75D-4507A87BE2E2}.Release|Any CPU.ActiveCfg = Release|Any CPU
		{1B1C6970-EEC3-4A2E-B75D-4507A87BE2E2}.Release|Any CPU.Build.0 = Release|Any CPU
		{235FD974-C399-4B91-910A-1CFEC045418F}.Debug|Any CPU.ActiveCfg = Debug|Any CPU
		{235FD974-C399-4B91-910A-1CFEC045418F}.Debug|Any CPU.Build.0 = Debug|Any CPU
		{235FD974-C399-4B91-910A-1CFEC045418F}.Release|Any CPU.ActiveCfg = Release|Any CPU
		{235FD974-C399-4B91-910A-1CFEC045418F}.Release|Any CPU.Build.0 = Release|Any CPU
		{F0DC33AD-B2BB-467C-95C7-E7C5A0A8E0B9}.Debug|Any CPU.ActiveCfg = Debug|Any CPU
		{F0DC33AD-B2BB-467C-95C7-E7C5A0A8E0B9}.Debug|Any CPU.Build.0 = Debug|Any CPU
		{F0DC33AD-B2BB-467C-95C7-E7C5A0A8E0B9}.Release|Any CPU.ActiveCfg = Release|Any CPU
		{F0DC33AD-B2BB-467C-95C7-E7C5A0A8E0B9}.Release|Any CPU.Build.0 = Release|Any CPU
		{AE40447B-E9E7-4CB3-9A99-1090ACC67099}.Debug|Any CPU.ActiveCfg = Debug|Any CPU
		{AE40447B-E9E7-4CB3-9A99-1090ACC67099}.Debug|Any CPU.Build.0 = Debug|Any CPU
		{AE40447B-E9E7-4CB3-9A99-1090ACC67099}.Release|Any CPU.ActiveCfg = Release|Any CPU
		{AE40447B-E9E7-4CB3-9A99-1090ACC67099}.Release|Any CPU.Build.0 = Release|Any CPU
		{3FB5F658-A444-48B6-BB25-200EB12880F5}.Debug|Any CPU.ActiveCfg = Debug|Any CPU
		{3FB5F658-A444-48B6-BB25-200EB12880F5}.Debug|Any CPU.Build.0 = Debug|Any CPU
		{3FB5F658-A444-48B6-BB25-200EB12880F5}.Release|Any CPU.ActiveCfg = Release|Any CPU
		{3FB5F658-A444-48B6-BB25-200EB12880F5}.Release|Any CPU.Build.0 = Release|Any CPU
		{4313899B-CD44-4F98-B4B4-6D4FE56B0A7B}.Debug|Any CPU.ActiveCfg = Debug|Any CPU
		{4313899B-CD44-4F98-B4B4-6D4FE56B0A7B}.Debug|Any CPU.Build.0 = Debug|Any CPU
		{4313899B-CD44-4F98-B4B4-6D4FE56B0A7B}.Release|Any CPU.ActiveCfg = Release|Any CPU
		{4313899B-CD44-4F98-B4B4-6D4FE56B0A7B}.Release|Any CPU.Build.0 = Release|Any CPU
		{6F40720C-5AA8-4542-9B5D-CB0F918F66C5}.Debug|Any CPU.ActiveCfg = Debug|Any CPU
		{6F40720C-5AA8-4542-9B5D-CB0F918F66C5}.Debug|Any CPU.Build.0 = Debug|Any CPU
		{6F40720C-5AA8-4542-9B5D-CB0F918F66C5}.Release|Any CPU.ActiveCfg = Release|Any CPU
		{6F40720C-5AA8-4542-9B5D-CB0F918F66C5}.Release|Any CPU.Build.0 = Release|Any CPU
		{AB874678-FE9C-4D7F-A86B-C182A244819F}.Debug|Any CPU.ActiveCfg = Debug|Any CPU
		{AB874678-FE9C-4D7F-A86B-C182A244819F}.Debug|Any CPU.Build.0 = Debug|Any CPU
		{AB874678-FE9C-4D7F-A86B-C182A244819F}.Release|Any CPU.ActiveCfg = Release|Any CPU
		{AB874678-FE9C-4D7F-A86B-C182A244819F}.Release|Any CPU.Build.0 = Release|Any CPU
		{330DB081-DCC0-403E-BFD3-621D8F09A12B}.Debug|Any CPU.ActiveCfg = Debug|Any CPU
		{330DB081-DCC0-403E-BFD3-621D8F09A12B}.Debug|Any CPU.Build.0 = Debug|Any CPU
		{330DB081-DCC0-403E-BFD3-621D8F09A12B}.Release|Any CPU.ActiveCfg = Release|Any CPU
		{330DB081-DCC0-403E-BFD3-621D8F09A12B}.Release|Any CPU.Build.0 = Release|Any CPU
	EndGlobalSection
EndGlobal
